// !$*UTF8*$!
{
	archiveVersion = 1;
	classes = {
	};
	objectVersion = 56;
	objects = {

/* Begin PBXBuildFile section */
		4370C9D92D36CA250064A88A /* Calendar.swift in Sources */ = {isa = PBXBuildFile; fileRef = 4370C9D82D36CA250064A88A /* Calendar.swift */; };
		4370C9DB2D36CC930064A88A /* Profile.swift in Sources */ = {isa = PBXBuildFile; fileRef = 4370C9DA2D36CC930064A88A /* Profile.swift */; };
		6E526BD02D30332C00ADEED2 /* app.py in Resources */ = {isa = PBXBuildFile; fileRef = 6E526BB32D30332C00ADEED2 /* app.py */; };
		6E526BD12D30332C00ADEED2 /* config.py in Resources */ = {isa = PBXBuildFile; fileRef = 6E526BB42D30332C00ADEED2 /* config.py */; };
		6E526BD32D30332C00ADEED2 /* init_db.py in Resources */ = {isa = PBXBuildFile; fileRef = 6E526BB62D30332C00ADEED2 /* init_db.py */; };
		6E526BD42D30332C00ADEED2 /* models.py in Resources */ = {isa = PBXBuildFile; fileRef = 6E526BB72D30332C00ADEED2 /* models.py */; };
		6E526BD52D30332C00ADEED2 /* package-lock.json in Resources */ = {isa = PBXBuildFile; fileRef = 6E526BB82D30332C00ADEED2 /* package-lock.json */; };
		6E526BD62D30332C00ADEED2 /* Preview Assets.xcassets in Resources */ = {isa = PBXBuildFile; fileRef = 6E526BBA2D30332C00ADEED2 /* Preview Assets.xcassets */; };
		6E526BD72D30332C00ADEED2 /* Assets.xcassets in Resources */ = {isa = PBXBuildFile; fileRef = 6E526BBC2D30332C00ADEED2 /* Assets.xcassets */; };
		6E526BD82D30332C00ADEED2 /* Carousel.swift in Sources */ = {isa = PBXBuildFile; fileRef = 6E526BBD2D30332C00ADEED2 /* Carousel.swift */; };
		6E526BD92D30332C00ADEED2 /* ConstantVariables.swift in Sources */ = {isa = PBXBuildFile; fileRef = 6E526BBE2D30332C00ADEED2 /* ConstantVariables.swift */; };
		6E526BDA2D30332C00ADEED2 /* ContentView.swift in Sources */ = {isa = PBXBuildFile; fileRef = 6E526BBF2D30332C00ADEED2 /* ContentView.swift */; };
		6E526BDB2D30332C00ADEED2 /* LandingPage.swift in Sources */ = {isa = PBXBuildFile; fileRef = 6E526BC02D30332C00ADEED2 /* LandingPage.swift */; };
		6E526BDC2D30332C00ADEED2 /* SchedulerApp.swift in Sources */ = {isa = PBXBuildFile; fileRef = 6E526BC22D30332C00ADEED2 /* SchedulerApp.swift */; };
		6E526BDD2D30332C00ADEED2 /* Untitled.swift in Sources */ = {isa = PBXBuildFile; fileRef = 6E526BC32D30332C00ADEED2 /* Untitled.swift */; };
		6E526BDF2D36C03200ADEED2 /* NavigationBar.swift in Sources */ = {isa = PBXBuildFile; fileRef = 6E526BDE2D36C03200ADEED2 /* NavigationBar.swift */; };
		6EA478382D36CC8600101DAF /* Profile.swift in Sources */ = {isa = PBXBuildFile; fileRef = 6EA478372D36CC8600101DAF /* Profile.swift */; };
		6EA4783A2D36CD1800101DAF /* Calendar.swift in Sources */ = {isa = PBXBuildFile; fileRef = 6EA478392D36CD1800101DAF /* Calendar.swift */; };
		6ECDBF4E2D2EDF4200FAE1C8 /* SchedulerTests.swift in Sources */ = {isa = PBXBuildFile; fileRef = 6ECDBF4D2D2EDF4200FAE1C8 /* SchedulerTests.swift */; };
		6ECDBF582D2EDF4200FAE1C8 /* SchedulerUITests.swift in Sources */ = {isa = PBXBuildFile; fileRef = 6ECDBF572D2EDF4200FAE1C8 /* SchedulerUITests.swift */; };
		6ECDBF5A2D2EDF4200FAE1C8 /* SchedulerUITestsLaunchTests.swift in Sources */ = {isa = PBXBuildFile; fileRef = 6ECDBF592D2EDF4200FAE1C8 /* SchedulerUITestsLaunchTests.swift */; };
/* End PBXBuildFile section */

/* Begin PBXContainerItemProxy section */
		6ECDBF4A2D2EDF4200FAE1C8 /* PBXContainerItemProxy */ = {
			isa = PBXContainerItemProxy;
			containerPortal = 6ECDBF302D2EDF4000FAE1C8 /* Project object */;
			proxyType = 1;
			remoteGlobalIDString = 6ECDBF372D2EDF4000FAE1C8;
			remoteInfo = Scheduler;
		};
		6ECDBF542D2EDF4200FAE1C8 /* PBXContainerItemProxy */ = {
			isa = PBXContainerItemProxy;
			containerPortal = 6ECDBF302D2EDF4000FAE1C8 /* Project object */;
			proxyType = 1;
			remoteGlobalIDString = 6ECDBF372D2EDF4000FAE1C8;
			remoteInfo = Scheduler;
		};
/* End PBXContainerItemProxy section */

/* Begin PBXFileReference section */
		4370C9D82D36CA250064A88A /* Calendar.swift */ = {isa = PBXFileReference; lastKnownFileType = sourcecode.swift; path = Calendar.swift; sourceTree = "<group>"; };
		4370C9DA2D36CC930064A88A /* Profile.swift */ = {isa = PBXFileReference; lastKnownFileType = sourcecode.swift; path = Profile.swift; sourceTree = "<group>"; };
		6E526BB32D30332C00ADEED2 /* app.py */ = {isa = PBXFileReference; fileEncoding = 4; lastKnownFileType = text.script.python; path = app.py; sourceTree = "<group>"; };
		6E526BB42D30332C00ADEED2 /* config.py */ = {isa = PBXFileReference; fileEncoding = 4; lastKnownFileType = text.script.python; path = config.py; sourceTree = "<group>"; };
		6E526BB62D30332C00ADEED2 /* init_db.py */ = {isa = PBXFileReference; fileEncoding = 4; lastKnownFileType = text.script.python; path = init_db.py; sourceTree = "<group>"; };
		6E526BB72D30332C00ADEED2 /* models.py */ = {isa = PBXFileReference; fileEncoding = 4; lastKnownFileType = text.script.python; path = models.py; sourceTree = "<group>"; };
		6E526BB82D30332C00ADEED2 /* package-lock.json */ = {isa = PBXFileReference; fileEncoding = 4; lastKnownFileType = text.json; path = "package-lock.json"; sourceTree = "<group>"; };
		6E526BBA2D30332C00ADEED2 /* Preview Assets.xcassets */ = {isa = PBXFileReference; lastKnownFileType = folder.assetcatalog; path = "Preview Assets.xcassets"; sourceTree = "<group>"; };
		6E526BBC2D30332C00ADEED2 /* Assets.xcassets */ = {isa = PBXFileReference; lastKnownFileType = folder.assetcatalog; path = Assets.xcassets; sourceTree = "<group>"; };
		6E526BBD2D30332C00ADEED2 /* Carousel.swift */ = {isa = PBXFileReference; fileEncoding = 4; lastKnownFileType = sourcecode.swift; path = Carousel.swift; sourceTree = "<group>"; };
		6E526BBE2D30332C00ADEED2 /* ConstantVariables.swift */ = {isa = PBXFileReference; fileEncoding = 4; lastKnownFileType = sourcecode.swift; path = ConstantVariables.swift; sourceTree = "<group>"; };
		6E526BBF2D30332C00ADEED2 /* ContentView.swift */ = {isa = PBXFileReference; fileEncoding = 4; lastKnownFileType = sourcecode.swift; path = ContentView.swift; sourceTree = "<group>"; };
		6E526BC02D30332C00ADEED2 /* LandingPage.swift */ = {isa = PBXFileReference; fileEncoding = 4; lastKnownFileType = sourcecode.swift; path = LandingPage.swift; sourceTree = "<group>"; };
		6E526BC12D30332C00ADEED2 /* Scheduler.entitlements */ = {isa = PBXFileReference; fileEncoding = 4; lastKnownFileType = text.plist.entitlements; path = Scheduler.entitlements; sourceTree = "<group>"; };
		6E526BC22D30332C00ADEED2 /* SchedulerApp.swift */ = {isa = PBXFileReference; fileEncoding = 4; lastKnownFileType = sourcecode.swift; path = SchedulerApp.swift; sourceTree = "<group>"; };
		6E526BC32D30332C00ADEED2 /* Untitled.swift */ = {isa = PBXFileReference; fileEncoding = 4; lastKnownFileType = sourcecode.swift; path = Untitled.swift; sourceTree = "<group>"; };
		6E526BDE2D36C03200ADEED2 /* NavigationBar.swift */ = {isa = PBXFileReference; fileEncoding = 4; lastKnownFileType = sourcecode.swift; path = NavigationBar.swift; sourceTree = "<group>"; };
		6EA478372D36CC8600101DAF /* Profile.swift */ = {isa = PBXFileReference; fileEncoding = 4; lastKnownFileType = sourcecode.swift; name = Profile.swift; path = Scheduler/Profile.swift; sourceTree = SOURCE_ROOT; };
		6EA478392D36CD1800101DAF /* Calendar.swift */ = {isa = PBXFileReference; fileEncoding = 4; lastKnownFileType = sourcecode.swift; path = Calendar.swift; sourceTree = "<group>"; };
		6ECDBF382D2EDF4000FAE1C8 /* Scheduler.app */ = {isa = PBXFileReference; explicitFileType = wrapper.application; includeInIndex = 0; path = Scheduler.app; sourceTree = BUILT_PRODUCTS_DIR; };
		6ECDBF492D2EDF4200FAE1C8 /* SchedulerTests.xctest */ = {isa = PBXFileReference; explicitFileType = wrapper.cfbundle; includeInIndex = 0; path = SchedulerTests.xctest; sourceTree = BUILT_PRODUCTS_DIR; };
		6ECDBF4D2D2EDF4200FAE1C8 /* SchedulerTests.swift */ = {isa = PBXFileReference; lastKnownFileType = sourcecode.swift; path = SchedulerTests.swift; sourceTree = "<group>"; };
		6ECDBF532D2EDF4200FAE1C8 /* SchedulerUITests.xctest */ = {isa = PBXFileReference; explicitFileType = wrapper.cfbundle; includeInIndex = 0; path = SchedulerUITests.xctest; sourceTree = BUILT_PRODUCTS_DIR; };
		6ECDBF572D2EDF4200FAE1C8 /* SchedulerUITests.swift */ = {isa = PBXFileReference; lastKnownFileType = sourcecode.swift; path = SchedulerUITests.swift; sourceTree = "<group>"; };
		6ECDBF592D2EDF4200FAE1C8 /* SchedulerUITestsLaunchTests.swift */ = {isa = PBXFileReference; lastKnownFileType = sourcecode.swift; path = SchedulerUITestsLaunchTests.swift; sourceTree = "<group>"; };
/* End PBXFileReference section */

/* Begin PBXFrameworksBuildPhase section */
		6ECDBF352D2EDF4000FAE1C8 /* Frameworks */ = {
			isa = PBXFrameworksBuildPhase;
			buildActionMask = 2147483647;
			files = (
			);
			runOnlyForDeploymentPostprocessing = 0;
		};
		6ECDBF462D2EDF4200FAE1C8 /* Frameworks */ = {
			isa = PBXFrameworksBuildPhase;
			buildActionMask = 2147483647;
			files = (
			);
			runOnlyForDeploymentPostprocessing = 0;
		};
		6ECDBF502D2EDF4200FAE1C8 /* Frameworks */ = {
			isa = PBXFrameworksBuildPhase;
			buildActionMask = 2147483647;
			files = (
			);
			runOnlyForDeploymentPostprocessing = 0;
		};
/* End PBXFrameworksBuildPhase section */

/* Begin PBXGroup section */
		4341519D2D36C65200CEAA60 /* Recovered References */ = {
			isa = PBXGroup;
			children = (
			);
			name = "Recovered References";
			sourceTree = "<group>";
		};
		6E526BB12D30332C00ADEED2 /* instance */ = {
			isa = PBXGroup;
			children = (
			);
			path = instance;
			sourceTree = "<group>";
		};
		6E526BB92D30332C00ADEED2 /* Backend */ = {
			isa = PBXGroup;
			children = (
				6E526BB12D30332C00ADEED2 /* instance */,
				6E526BB32D30332C00ADEED2 /* app.py */,
				6E526BB42D30332C00ADEED2 /* config.py */,
				6E526BB62D30332C00ADEED2 /* init_db.py */,
				6E526BB72D30332C00ADEED2 /* models.py */,
				6E526BB82D30332C00ADEED2 /* package-lock.json */,
			);
			path = Backend;
			sourceTree = "<group>";
		};
		6E526BBB2D30332C00ADEED2 /* Preview Content */ = {
			isa = PBXGroup;
			children = (
				6E526BBA2D30332C00ADEED2 /* Preview Assets.xcassets */,
			);
			path = "Preview Content";
			sourceTree = "<group>";
		};
		6E526BC42D30332C00ADEED2 /* Scheduler */ = {
			isa = PBXGroup;
			children = (
				6E526BB92D30332C00ADEED2 /* Backend */,
				6E526BBB2D30332C00ADEED2 /* Preview Content */,
				6E526BBC2D30332C00ADEED2 /* Assets.xcassets */,
				6EA478372D36CC8600101DAF /* Profile.swift */,
				6E526BBD2D30332C00ADEED2 /* Carousel.swift */,
				6EA478392D36CD1800101DAF /* Calendar.swift */,
				6E526BBE2D30332C00ADEED2 /* ConstantVariables.swift */,
				6E526BBF2D30332C00ADEED2 /* ContentView.swift */,
				4370C9D82D36CA250064A88A /* Calendar.swift */,
				6E526BC02D30332C00ADEED2 /* LandingPage.swift */,
				4370C9DA2D36CC930064A88A /* Profile.swift */,
				6E526BDE2D36C03200ADEED2 /* NavigationBar.swift */,
				6E526BC12D30332C00ADEED2 /* Scheduler.entitlements */,
				6E526BC22D30332C00ADEED2 /* SchedulerApp.swift */,
				6E526BC32D30332C00ADEED2 /* Untitled.swift */,
			);
			path = Scheduler;
			sourceTree = "<group>";
		};
		6ECDBF2F2D2EDF4000FAE1C8 = {
			isa = PBXGroup;
			children = (
				6E526BC42D30332C00ADEED2 /* Scheduler */,
				6ECDBF4C2D2EDF4200FAE1C8 /* SchedulerTests */,
				6ECDBF562D2EDF4200FAE1C8 /* SchedulerUITests */,
				6ECDBF392D2EDF4000FAE1C8 /* Products */,
				4341519D2D36C65200CEAA60 /* Recovered References */,
			);
			sourceTree = "<group>";
		};
		6ECDBF392D2EDF4000FAE1C8 /* Products */ = {
			isa = PBXGroup;
			children = (
				6ECDBF382D2EDF4000FAE1C8 /* Scheduler.app */,
				6ECDBF492D2EDF4200FAE1C8 /* SchedulerTests.xctest */,
				6ECDBF532D2EDF4200FAE1C8 /* SchedulerUITests.xctest */,
			);
			name = Products;
			sourceTree = "<group>";
		};
		6ECDBF4C2D2EDF4200FAE1C8 /* SchedulerTests */ = {
			isa = PBXGroup;
			children = (
				6ECDBF4D2D2EDF4200FAE1C8 /* SchedulerTests.swift */,
			);
			path = SchedulerTests;
			sourceTree = "<group>";
		};
		6ECDBF562D2EDF4200FAE1C8 /* SchedulerUITests */ = {
			isa = PBXGroup;
			children = (
				6ECDBF572D2EDF4200FAE1C8 /* SchedulerUITests.swift */,
				6ECDBF592D2EDF4200FAE1C8 /* SchedulerUITestsLaunchTests.swift */,
			);
			path = SchedulerUITests;
			sourceTree = "<group>";
		};
/* End PBXGroup section */

/* Begin PBXNativeTarget section */
		6ECDBF372D2EDF4000FAE1C8 /* Scheduler */ = {
			isa = PBXNativeTarget;
			buildConfigurationList = 6ECDBF5D2D2EDF4200FAE1C8 /* Build configuration list for PBXNativeTarget "Scheduler" */;
			buildPhases = (
				6ECDBF342D2EDF4000FAE1C8 /* Sources */,
				6ECDBF352D2EDF4000FAE1C8 /* Frameworks */,
				6ECDBF362D2EDF4000FAE1C8 /* Resources */,
			);
			buildRules = (
			);
			dependencies = (
			);
			name = Scheduler;
			productName = Scheduler;
			productReference = 6ECDBF382D2EDF4000FAE1C8 /* Scheduler.app */;
			productType = "com.apple.product-type.application";
		};
		6ECDBF482D2EDF4200FAE1C8 /* SchedulerTests */ = {
			isa = PBXNativeTarget;
			buildConfigurationList = 6ECDBF602D2EDF4200FAE1C8 /* Build configuration list for PBXNativeTarget "SchedulerTests" */;
			buildPhases = (
				6ECDBF452D2EDF4200FAE1C8 /* Sources */,
				6ECDBF462D2EDF4200FAE1C8 /* Frameworks */,
				6ECDBF472D2EDF4200FAE1C8 /* Resources */,
			);
			buildRules = (
			);
			dependencies = (
				6ECDBF4B2D2EDF4200FAE1C8 /* PBXTargetDependency */,
			);
			name = SchedulerTests;
			productName = SchedulerTests;
			productReference = 6ECDBF492D2EDF4200FAE1C8 /* SchedulerTests.xctest */;
			productType = "com.apple.product-type.bundle.unit-test";
		};
		6ECDBF522D2EDF4200FAE1C8 /* SchedulerUITests */ = {
			isa = PBXNativeTarget;
			buildConfigurationList = 6ECDBF632D2EDF4200FAE1C8 /* Build configuration list for PBXNativeTarget "SchedulerUITests" */;
			buildPhases = (
				6ECDBF4F2D2EDF4200FAE1C8 /* Sources */,
				6ECDBF502D2EDF4200FAE1C8 /* Frameworks */,
				6ECDBF512D2EDF4200FAE1C8 /* Resources */,
			);
			buildRules = (
			);
			dependencies = (
				6ECDBF552D2EDF4200FAE1C8 /* PBXTargetDependency */,
			);
			name = SchedulerUITests;
			productName = SchedulerUITests;
			productReference = 6ECDBF532D2EDF4200FAE1C8 /* SchedulerUITests.xctest */;
			productType = "com.apple.product-type.bundle.ui-testing";
		};
/* End PBXNativeTarget section */

/* Begin PBXProject section */
		6ECDBF302D2EDF4000FAE1C8 /* Project object */ = {
			isa = PBXProject;
			attributes = {
				BuildIndependentTargetsInParallel = 1;
				LastSwiftUpdateCheck = 1540;
				LastUpgradeCheck = 1540;
				TargetAttributes = {
					6ECDBF372D2EDF4000FAE1C8 = {
						CreatedOnToolsVersion = 15.4;
					};
					6ECDBF482D2EDF4200FAE1C8 = {
						CreatedOnToolsVersion = 15.4;
						TestTargetID = 6ECDBF372D2EDF4000FAE1C8;
					};
					6ECDBF522D2EDF4200FAE1C8 = {
						CreatedOnToolsVersion = 15.4;
						TestTargetID = 6ECDBF372D2EDF4000FAE1C8;
					};
				};
			};
			buildConfigurationList = 6ECDBF332D2EDF4000FAE1C8 /* Build configuration list for PBXProject "Scheduler" */;
			compatibilityVersion = "Xcode 14.0";
			developmentRegion = en;
			hasScannedForEncodings = 0;
			knownRegions = (
				en,
				Base,
			);
			mainGroup = 6ECDBF2F2D2EDF4000FAE1C8;
			productRefGroup = 6ECDBF392D2EDF4000FAE1C8 /* Products */;
			projectDirPath = "";
			projectRoot = "";
			targets = (
				6ECDBF372D2EDF4000FAE1C8 /* Scheduler */,
				6ECDBF482D2EDF4200FAE1C8 /* SchedulerTests */,
				6ECDBF522D2EDF4200FAE1C8 /* SchedulerUITests */,
			);
		};
/* End PBXProject section */

/* Begin PBXResourcesBuildPhase section */
		6ECDBF362D2EDF4000FAE1C8 /* Resources */ = {
			isa = PBXResourcesBuildPhase;
			buildActionMask = 2147483647;
			files = (
				6E526BD12D30332C00ADEED2 /* config.py in Resources */,
				6E526BD02D30332C00ADEED2 /* app.py in Resources */,
				6E526BD42D30332C00ADEED2 /* models.py in Resources */,
				6E526BD62D30332C00ADEED2 /* Preview Assets.xcassets in Resources */,
				6E526BD32D30332C00ADEED2 /* init_db.py in Resources */,
				6E526BD72D30332C00ADEED2 /* Assets.xcassets in Resources */,
				6E526BD52D30332C00ADEED2 /* package-lock.json in Resources */,
			);
			runOnlyForDeploymentPostprocessing = 0;
		};
		6ECDBF472D2EDF4200FAE1C8 /* Resources */ = {
			isa = PBXResourcesBuildPhase;
			buildActionMask = 2147483647;
			files = (
			);
			runOnlyForDeploymentPostprocessing = 0;
		};
		6ECDBF512D2EDF4200FAE1C8 /* Resources */ = {
			isa = PBXResourcesBuildPhase;
			buildActionMask = 2147483647;
			files = (
			);
			runOnlyForDeploymentPostprocessing = 0;
		};
/* End PBXResourcesBuildPhase section */

/* Begin PBXSourcesBuildPhase section */
		6ECDBF342D2EDF4000FAE1C8 /* Sources */ = {
			isa = PBXSourcesBuildPhase;
			buildActionMask = 2147483647;
			files = (
				6E526BDC2D30332C00ADEED2 /* SchedulerApp.swift in Sources */,
				6EA4783A2D36CD1800101DAF /* Calendar.swift in Sources */,
				6EA478382D36CC8600101DAF /* Profile.swift in Sources */,
				6E526BD92D30332C00ADEED2 /* ConstantVariables.swift in Sources */,
				6E526BDA2D30332C00ADEED2 /* ContentView.swift in Sources */,
				4370C9D92D36CA250064A88A /* Calendar.swift in Sources */,
				6E526BDB2D30332C00ADEED2 /* LandingPage.swift in Sources */,
				6E526BDF2D36C03200ADEED2 /* NavigationBar.swift in Sources */,
				6E526BDD2D30332C00ADEED2 /* Untitled.swift in Sources */,
				4370C9DB2D36CC930064A88A /* Profile.swift in Sources */,
				6E526BD82D30332C00ADEED2 /* Carousel.swift in Sources */,
			);
			runOnlyForDeploymentPostprocessing = 0;
		};
		6ECDBF452D2EDF4200FAE1C8 /* Sources */ = {
			isa = PBXSourcesBuildPhase;
			buildActionMask = 2147483647;
			files = (
				6ECDBF4E2D2EDF4200FAE1C8 /* SchedulerTests.swift in Sources */,
			);
			runOnlyForDeploymentPostprocessing = 0;
		};
		6ECDBF4F2D2EDF4200FAE1C8 /* Sources */ = {
			isa = PBXSourcesBuildPhase;
			buildActionMask = 2147483647;
			files = (
				6ECDBF5A2D2EDF4200FAE1C8 /* SchedulerUITestsLaunchTests.swift in Sources */,
				6ECDBF582D2EDF4200FAE1C8 /* SchedulerUITests.swift in Sources */,
			);
			runOnlyForDeploymentPostprocessing = 0;
		};
/* End PBXSourcesBuildPhase section */

/* Begin PBXTargetDependency section */
		6ECDBF4B2D2EDF4200FAE1C8 /* PBXTargetDependency */ = {
			isa = PBXTargetDependency;
			target = 6ECDBF372D2EDF4000FAE1C8 /* Scheduler */;
			targetProxy = 6ECDBF4A2D2EDF4200FAE1C8 /* PBXContainerItemProxy */;
		};
		6ECDBF552D2EDF4200FAE1C8 /* PBXTargetDependency */ = {
			isa = PBXTargetDependency;
			target = 6ECDBF372D2EDF4000FAE1C8 /* Scheduler */;
			targetProxy = 6ECDBF542D2EDF4200FAE1C8 /* PBXContainerItemProxy */;
		};
/* End PBXTargetDependency section */

/* Begin XCBuildConfiguration section */
		6ECDBF5B2D2EDF4200FAE1C8 /* Debug */ = {
			isa = XCBuildConfiguration;
			buildSettings = {
				ALWAYS_SEARCH_USER_PATHS = NO;
				ASSETCATALOG_COMPILER_GENERATE_SWIFT_ASSET_SYMBOL_EXTENSIONS = YES;
				CLANG_ANALYZER_NONNULL = YES;
				CLANG_ANALYZER_NUMBER_OBJECT_CONVERSION = YES_AGGRESSIVE;
				CLANG_CXX_LANGUAGE_STANDARD = "gnu++20";
				CLANG_ENABLE_MODULES = YES;
				CLANG_ENABLE_OBJC_ARC = YES;
				CLANG_ENABLE_OBJC_WEAK = YES;
				CLANG_WARN_BLOCK_CAPTURE_AUTORELEASING = YES;
				CLANG_WARN_BOOL_CONVERSION = YES;
				CLANG_WARN_COMMA = YES;
				CLANG_WARN_CONSTANT_CONVERSION = YES;
				CLANG_WARN_DEPRECATED_OBJC_IMPLEMENTATIONS = YES;
				CLANG_WARN_DIRECT_OBJC_ISA_USAGE = YES_ERROR;
				CLANG_WARN_DOCUMENTATION_COMMENTS = YES;
				CLANG_WARN_EMPTY_BODY = YES;
				CLANG_WARN_ENUM_CONVERSION = YES;
				CLANG_WARN_INFINITE_RECURSION = YES;
				CLANG_WARN_INT_CONVERSION = YES;
				CLANG_WARN_NON_LITERAL_NULL_CONVERSION = YES;
				CLANG_WARN_OBJC_IMPLICIT_RETAIN_SELF = YES;
				CLANG_WARN_OBJC_LITERAL_CONVERSION = YES;
				CLANG_WARN_OBJC_ROOT_CLASS = YES_ERROR;
				CLANG_WARN_QUOTED_INCLUDE_IN_FRAMEWORK_HEADER = YES;
				CLANG_WARN_RANGE_LOOP_ANALYSIS = YES;
				CLANG_WARN_STRICT_PROTOTYPES = YES;
				CLANG_WARN_SUSPICIOUS_MOVE = YES;
				CLANG_WARN_UNGUARDED_AVAILABILITY = YES_AGGRESSIVE;
				CLANG_WARN_UNREACHABLE_CODE = YES;
				CLANG_WARN__DUPLICATE_METHOD_MATCH = YES;
				COPY_PHASE_STRIP = NO;
				DEBUG_INFORMATION_FORMAT = dwarf;
				ENABLE_STRICT_OBJC_MSGSEND = YES;
				ENABLE_TESTABILITY = YES;
				ENABLE_USER_SCRIPT_SANDBOXING = YES;
				GCC_C_LANGUAGE_STANDARD = gnu17;
				GCC_DYNAMIC_NO_PIC = NO;
				GCC_NO_COMMON_BLOCKS = YES;
				GCC_OPTIMIZATION_LEVEL = 0;
				GCC_PREPROCESSOR_DEFINITIONS = (
					"DEBUG=1",
					"$(inherited)",
				);
				GCC_WARN_64_TO_32_BIT_CONVERSION = YES;
				GCC_WARN_ABOUT_RETURN_TYPE = YES_ERROR;
				GCC_WARN_UNDECLARED_SELECTOR = YES;
				GCC_WARN_UNINITIALIZED_AUTOS = YES_AGGRESSIVE;
				GCC_WARN_UNUSED_FUNCTION = YES;
				GCC_WARN_UNUSED_VARIABLE = YES;
				LOCALIZATION_PREFERS_STRING_CATALOGS = YES;
				MTL_ENABLE_DEBUG_INFO = INCLUDE_SOURCE;
				MTL_FAST_MATH = YES;
				ONLY_ACTIVE_ARCH = YES;
				SWIFT_ACTIVE_COMPILATION_CONDITIONS = "DEBUG $(inherited)";
				SWIFT_OPTIMIZATION_LEVEL = "-Onone";
			};
			name = Debug;
		};
		6ECDBF5C2D2EDF4200FAE1C8 /* Release */ = {
			isa = XCBuildConfiguration;
			buildSettings = {
				ALWAYS_SEARCH_USER_PATHS = NO;
				ASSETCATALOG_COMPILER_GENERATE_SWIFT_ASSET_SYMBOL_EXTENSIONS = YES;
				CLANG_ANALYZER_NONNULL = YES;
				CLANG_ANALYZER_NUMBER_OBJECT_CONVERSION = YES_AGGRESSIVE;
				CLANG_CXX_LANGUAGE_STANDARD = "gnu++20";
				CLANG_ENABLE_MODULES = YES;
				CLANG_ENABLE_OBJC_ARC = YES;
				CLANG_ENABLE_OBJC_WEAK = YES;
				CLANG_WARN_BLOCK_CAPTURE_AUTORELEASING = YES;
				CLANG_WARN_BOOL_CONVERSION = YES;
				CLANG_WARN_COMMA = YES;
				CLANG_WARN_CONSTANT_CONVERSION = YES;
				CLANG_WARN_DEPRECATED_OBJC_IMPLEMENTATIONS = YES;
				CLANG_WARN_DIRECT_OBJC_ISA_USAGE = YES_ERROR;
				CLANG_WARN_DOCUMENTATION_COMMENTS = YES;
				CLANG_WARN_EMPTY_BODY = YES;
				CLANG_WARN_ENUM_CONVERSION = YES;
				CLANG_WARN_INFINITE_RECURSION = YES;
				CLANG_WARN_INT_CONVERSION = YES;
				CLANG_WARN_NON_LITERAL_NULL_CONVERSION = YES;
				CLANG_WARN_OBJC_IMPLICIT_RETAIN_SELF = YES;
				CLANG_WARN_OBJC_LITERAL_CONVERSION = YES;
				CLANG_WARN_OBJC_ROOT_CLASS = YES_ERROR;
				CLANG_WARN_QUOTED_INCLUDE_IN_FRAMEWORK_HEADER = YES;
				CLANG_WARN_RANGE_LOOP_ANALYSIS = YES;
				CLANG_WARN_STRICT_PROTOTYPES = YES;
				CLANG_WARN_SUSPICIOUS_MOVE = YES;
				CLANG_WARN_UNGUARDED_AVAILABILITY = YES_AGGRESSIVE;
				CLANG_WARN_UNREACHABLE_CODE = YES;
				CLANG_WARN__DUPLICATE_METHOD_MATCH = YES;
				COPY_PHASE_STRIP = NO;
				DEBUG_INFORMATION_FORMAT = "dwarf-with-dsym";
				ENABLE_NS_ASSERTIONS = NO;
				ENABLE_STRICT_OBJC_MSGSEND = YES;
				ENABLE_USER_SCRIPT_SANDBOXING = YES;
				GCC_C_LANGUAGE_STANDARD = gnu17;
				GCC_NO_COMMON_BLOCKS = YES;
				GCC_WARN_64_TO_32_BIT_CONVERSION = YES;
				GCC_WARN_ABOUT_RETURN_TYPE = YES_ERROR;
				GCC_WARN_UNDECLARED_SELECTOR = YES;
				GCC_WARN_UNINITIALIZED_AUTOS = YES_AGGRESSIVE;
				GCC_WARN_UNUSED_FUNCTION = YES;
				GCC_WARN_UNUSED_VARIABLE = YES;
				LOCALIZATION_PREFERS_STRING_CATALOGS = YES;
				MTL_ENABLE_DEBUG_INFO = NO;
				MTL_FAST_MATH = YES;
				SWIFT_COMPILATION_MODE = wholemodule;
			};
			name = Release;
		};
		6ECDBF5E2D2EDF4200FAE1C8 /* Debug */ = {
			isa = XCBuildConfiguration;
			buildSettings = {
				ASSETCATALOG_COMPILER_APPICON_NAME = AppIcon;
				ASSETCATALOG_COMPILER_GLOBAL_ACCENT_COLOR_NAME = AccentColor;
				CODE_SIGN_ENTITLEMENTS = Scheduler/Scheduler.entitlements;
				CODE_SIGN_STYLE = Automatic;
				CURRENT_PROJECT_VERSION = 1;
				DEVELOPMENT_ASSET_PATHS = "\"Scheduler/Preview Content\"";
				DEVELOPMENT_TEAM = A3L9L987Q2;
				ENABLE_HARDENED_RUNTIME = YES;
				ENABLE_PREVIEWS = YES;
				GENERATE_INFOPLIST_FILE = YES;
				"INFOPLIST_KEY_UIApplicationSceneManifest_Generation[sdk=iphoneos*]" = YES;
				"INFOPLIST_KEY_UIApplicationSceneManifest_Generation[sdk=iphonesimulator*]" = YES;
				"INFOPLIST_KEY_UIApplicationSupportsIndirectInputEvents[sdk=iphoneos*]" = YES;
				"INFOPLIST_KEY_UIApplicationSupportsIndirectInputEvents[sdk=iphonesimulator*]" = YES;
				"INFOPLIST_KEY_UILaunchScreen_Generation[sdk=iphoneos*]" = YES;
				"INFOPLIST_KEY_UILaunchScreen_Generation[sdk=iphonesimulator*]" = YES;
				"INFOPLIST_KEY_UIStatusBarStyle[sdk=iphoneos*]" = UIStatusBarStyleDefault;
				"INFOPLIST_KEY_UIStatusBarStyle[sdk=iphonesimulator*]" = UIStatusBarStyleDefault;
				INFOPLIST_KEY_UISupportedInterfaceOrientations_iPad = "UIInterfaceOrientationPortrait UIInterfaceOrientationPortraitUpsideDown UIInterfaceOrientationLandscapeLeft UIInterfaceOrientationLandscapeRight";
				INFOPLIST_KEY_UISupportedInterfaceOrientations_iPhone = "UIInterfaceOrientationPortrait UIInterfaceOrientationLandscapeLeft UIInterfaceOrientationLandscapeRight";
				IPHONEOS_DEPLOYMENT_TARGET = 17.5;
				LD_RUNPATH_SEARCH_PATHS = "@executable_path/Frameworks";
				"LD_RUNPATH_SEARCH_PATHS[sdk=macosx*]" = "@executable_path/../Frameworks";
				MACOSX_DEPLOYMENT_TARGET = 14.4;
				MARKETING_VERSION = 1.0;
				PRODUCT_BUNDLE_IDENTIFIER = Scheduler.Scheduler;
				PRODUCT_NAME = "$(TARGET_NAME)";
				SDKROOT = auto;
				SUPPORTED_PLATFORMS = "iphoneos iphonesimulator macosx";
				SWIFT_EMIT_LOC_STRINGS = YES;
				SWIFT_VERSION = 5.0;
				TARGETED_DEVICE_FAMILY = "1,2";
			};
			name = Debug;
		};
		6ECDBF5F2D2EDF4200FAE1C8 /* Release */ = {
			isa = XCBuildConfiguration;
			buildSettings = {
				ASSETCATALOG_COMPILER_APPICON_NAME = AppIcon;
				ASSETCATALOG_COMPILER_GLOBAL_ACCENT_COLOR_NAME = AccentColor;
				CODE_SIGN_ENTITLEMENTS = Scheduler/Scheduler.entitlements;
				CODE_SIGN_STYLE = Automatic;
				CURRENT_PROJECT_VERSION = 1;
				DEVELOPMENT_ASSET_PATHS = "\"Scheduler/Preview Content\"";
				DEVELOPMENT_TEAM = A3L9L987Q2;
				ENABLE_HARDENED_RUNTIME = YES;
				ENABLE_PREVIEWS = YES;
				GENERATE_INFOPLIST_FILE = YES;
				"INFOPLIST_KEY_UIApplicationSceneManifest_Generation[sdk=iphoneos*]" = YES;
				"INFOPLIST_KEY_UIApplicationSceneManifest_Generation[sdk=iphonesimulator*]" = YES;
				"INFOPLIST_KEY_UIApplicationSupportsIndirectInputEvents[sdk=iphoneos*]" = YES;
				"INFOPLIST_KEY_UIApplicationSupportsIndirectInputEvents[sdk=iphonesimulator*]" = YES;
				"INFOPLIST_KEY_UILaunchScreen_Generation[sdk=iphoneos*]" = YES;
				"INFOPLIST_KEY_UILaunchScreen_Generation[sdk=iphonesimulator*]" = YES;
				"INFOPLIST_KEY_UIStatusBarStyle[sdk=iphoneos*]" = UIStatusBarStyleDefault;
				"INFOPLIST_KEY_UIStatusBarStyle[sdk=iphonesimulator*]" = UIStatusBarStyleDefault;
				INFOPLIST_KEY_UISupportedInterfaceOrientations_iPad = "UIInterfaceOrientationPortrait UIInterfaceOrientationPortraitUpsideDown UIInterfaceOrientationLandscapeLeft UIInterfaceOrientationLandscapeRight";
				INFOPLIST_KEY_UISupportedInterfaceOrientations_iPhone = "UIInterfaceOrientationPortrait UIInterfaceOrientationLandscapeLeft UIInterfaceOrientationLandscapeRight";
				IPHONEOS_DEPLOYMENT_TARGET = 17.5;
				LD_RUNPATH_SEARCH_PATHS = "@executable_path/Frameworks";
				"LD_RUNPATH_SEARCH_PATHS[sdk=macosx*]" = "@executable_path/../Frameworks";
				MACOSX_DEPLOYMENT_TARGET = 14.4;
				MARKETING_VERSION = 1.0;
				PRODUCT_BUNDLE_IDENTIFIER = Scheduler.Scheduler;
				PRODUCT_NAME = "$(TARGET_NAME)";
				SDKROOT = auto;
				SUPPORTED_PLATFORMS = "iphoneos iphonesimulator macosx";
				SWIFT_EMIT_LOC_STRINGS = YES;
				SWIFT_VERSION = 5.0;
				TARGETED_DEVICE_FAMILY = "1,2";
			};
			name = Release;
		};
		6ECDBF612D2EDF4200FAE1C8 /* Debug */ = {
			isa = XCBuildConfiguration;
			buildSettings = {
				ALWAYS_EMBED_SWIFT_STANDARD_LIBRARIES = YES;
				BUNDLE_LOADER = "$(TEST_HOST)";
				CODE_SIGN_STYLE = Automatic;
				CURRENT_PROJECT_VERSION = 1;
				DEVELOPMENT_TEAM = A3L9L987Q2;
				GENERATE_INFOPLIST_FILE = YES;
				IPHONEOS_DEPLOYMENT_TARGET = 17.5;
				MACOSX_DEPLOYMENT_TARGET = 14.4;
				MARKETING_VERSION = 1.0;
				PRODUCT_BUNDLE_IDENTIFIER = Scheduler.SchedulerTests;
				PRODUCT_NAME = "$(TARGET_NAME)";
				SDKROOT = auto;
				SUPPORTED_PLATFORMS = "iphoneos iphonesimulator macosx";
				SWIFT_EMIT_LOC_STRINGS = NO;
				SWIFT_VERSION = 5.0;
				TARGETED_DEVICE_FAMILY = "1,2";
				TEST_HOST = "$(BUILT_PRODUCTS_DIR)/Scheduler.app/$(BUNDLE_EXECUTABLE_FOLDER_PATH)/Scheduler";
			};
			name = Debug;
		};
		6ECDBF622D2EDF4200FAE1C8 /* Release */ = {
			isa = XCBuildConfiguration;
			buildSettings = {
				ALWAYS_EMBED_SWIFT_STANDARD_LIBRARIES = YES;
				BUNDLE_LOADER = "$(TEST_HOST)";
				CODE_SIGN_STYLE = Automatic;
				CURRENT_PROJECT_VERSION = 1;
				DEVELOPMENT_TEAM = A3L9L987Q2;
				GENERATE_INFOPLIST_FILE = YES;
				IPHONEOS_DEPLOYMENT_TARGET = 17.5;
				MACOSX_DEPLOYMENT_TARGET = 14.4;
				MARKETING_VERSION = 1.0;
				PRODUCT_BUNDLE_IDENTIFIER = Scheduler.SchedulerTests;
				PRODUCT_NAME = "$(TARGET_NAME)";
				SDKROOT = auto;
				SUPPORTED_PLATFORMS = "iphoneos iphonesimulator macosx";
				SWIFT_EMIT_LOC_STRINGS = NO;
				SWIFT_VERSION = 5.0;
				TARGETED_DEVICE_FAMILY = "1,2";
				TEST_HOST = "$(BUILT_PRODUCTS_DIR)/Scheduler.app/$(BUNDLE_EXECUTABLE_FOLDER_PATH)/Scheduler";
			};
			name = Release;
		};
		6ECDBF642D2EDF4200FAE1C8 /* Debug */ = {
			isa = XCBuildConfiguration;
			buildSettings = {
				ALWAYS_EMBED_SWIFT_STANDARD_LIBRARIES = YES;
				CODE_SIGN_STYLE = Automatic;
				CURRENT_PROJECT_VERSION = 1;
				DEVELOPMENT_TEAM = A3L9L987Q2;
				GENERATE_INFOPLIST_FILE = YES;
				IPHONEOS_DEPLOYMENT_TARGET = 17.5;
				MACOSX_DEPLOYMENT_TARGET = 14.4;
				MARKETING_VERSION = 1.0;
				PRODUCT_BUNDLE_IDENTIFIER = Scheduler.SchedulerUITests;
				PRODUCT_NAME = "$(TARGET_NAME)";
				SDKROOT = auto;
				SUPPORTED_PLATFORMS = "iphoneos iphonesimulator macosx";
				SWIFT_EMIT_LOC_STRINGS = NO;
				SWIFT_VERSION = 5.0;
				TARGETED_DEVICE_FAMILY = "1,2";
				TEST_TARGET_NAME = Scheduler;
			};
			name = Debug;
		};
		6ECDBF652D2EDF4200FAE1C8 /* Release */ = {
			isa = XCBuildConfiguration;
			buildSettings = {
				ALWAYS_EMBED_SWIFT_STANDARD_LIBRARIES = YES;
				CODE_SIGN_STYLE = Automatic;
				CURRENT_PROJECT_VERSION = 1;
				DEVELOPMENT_TEAM = A3L9L987Q2;
				GENERATE_INFOPLIST_FILE = YES;
				IPHONEOS_DEPLOYMENT_TARGET = 17.5;
				MACOSX_DEPLOYMENT_TARGET = 14.4;
				MARKETING_VERSION = 1.0;
				PRODUCT_BUNDLE_IDENTIFIER = Scheduler.SchedulerUITests;
				PRODUCT_NAME = "$(TARGET_NAME)";
				SDKROOT = auto;
				SUPPORTED_PLATFORMS = "iphoneos iphonesimulator macosx";
				SWIFT_EMIT_LOC_STRINGS = NO;
				SWIFT_VERSION = 5.0;
				TARGETED_DEVICE_FAMILY = "1,2";
				TEST_TARGET_NAME = Scheduler;
			};
			name = Release;
		};
/* End XCBuildConfiguration section */

/* Begin XCConfigurationList section */
		6ECDBF332D2EDF4000FAE1C8 /* Build configuration list for PBXProject "Scheduler" */ = {
			isa = XCConfigurationList;
			buildConfigurations = (
				6ECDBF5B2D2EDF4200FAE1C8 /* Debug */,
				6ECDBF5C2D2EDF4200FAE1C8 /* Release */,
			);
			defaultConfigurationIsVisible = 0;
			defaultConfigurationName = Release;
		};
		6ECDBF5D2D2EDF4200FAE1C8 /* Build configuration list for PBXNativeTarget "Scheduler" */ = {
			isa = XCConfigurationList;
			buildConfigurations = (
				6ECDBF5E2D2EDF4200FAE1C8 /* Debug */,
				6ECDBF5F2D2EDF4200FAE1C8 /* Release */,
			);
			defaultConfigurationIsVisible = 0;
			defaultConfigurationName = Release;
		};
		6ECDBF602D2EDF4200FAE1C8 /* Build configuration list for PBXNativeTarget "SchedulerTests" */ = {
			isa = XCConfigurationList;
			buildConfigurations = (
				6ECDBF612D2EDF4200FAE1C8 /* Debug */,
				6ECDBF622D2EDF4200FAE1C8 /* Release */,
			);
			defaultConfigurationIsVisible = 0;
			defaultConfigurationName = Release;
		};
		6ECDBF632D2EDF4200FAE1C8 /* Build configuration list for PBXNativeTarget "SchedulerUITests" */ = {
			isa = XCConfigurationList;
			buildConfigurations = (
				6ECDBF642D2EDF4200FAE1C8 /* Debug */,
				6ECDBF652D2EDF4200FAE1C8 /* Release */,
			);
			defaultConfigurationIsVisible = 0;
			defaultConfigurationName = Release;
		};
/* End XCConfigurationList section */
	};
	rootObject = 6ECDBF302D2EDF4000FAE1C8 /* Project object */;
}
